// !$*UTF8*$!
{
	archiveVersion = 1;
	classes = {
	};
	objectVersion = 50;
	objects = {

/* Begin PBXBuildFile section */
		3EF991852444668B617BB6D3 /* Pods_Eventr.framework in Frameworks */ = {isa = PBXBuildFile; fileRef = 42A6523D5DB2C1D293FCBE23 /* Pods_Eventr.framework */; };
		F603C0FE2278BCD700EE8798 /* CreateEventViewController.swift in Sources */ = {isa = PBXBuildFile; fileRef = F603C0FD2278BCD700EE8798 /* CreateEventViewController.swift */; };
		F6103065228204C800E6D5CE /* ViewControllerExtension.swift in Sources */ = {isa = PBXBuildFile; fileRef = F6103064228204C800E6D5CE /* ViewControllerExtension.swift */; };
		F6113F4522764FD900CAD961 /* GoogleService-Info.plist in Resources */ = {isa = PBXBuildFile; fileRef = F6113F4422764FD900CAD961 /* GoogleService-Info.plist */; };
		F6113F47227654D200CAD961 /* StartViewController.swift in Sources */ = {isa = PBXBuildFile; fileRef = F6113F46227654D200CAD961 /* StartViewController.swift */; };
		F6113F492276589400CAD961 /* SignUpViewController.swift in Sources */ = {isa = PBXBuildFile; fileRef = F6113F482276589400CAD961 /* SignUpViewController.swift */; };
		F6113F4B227660A900CAD961 /* LoginViewController.swift in Sources */ = {isa = PBXBuildFile; fileRef = F6113F4A227660A900CAD961 /* LoginViewController.swift */; };
		F62733022273873D00FDA681 /* Event.swift in Sources */ = {isa = PBXBuildFile; fileRef = F62733012273873D00FDA681 /* Event.swift */; };
		F62733042273944500FDA681 /* EventViewController.swift in Sources */ = {isa = PBXBuildFile; fileRef = F62733032273944500FDA681 /* EventViewController.swift */; };
		F65368852272618100861E0D /* AppDelegate.swift in Sources */ = {isa = PBXBuildFile; fileRef = F65368842272618100861E0D /* AppDelegate.swift */; };
		F65368872272618100861E0D /* ViewController.swift in Sources */ = {isa = PBXBuildFile; fileRef = F65368862272618100861E0D /* ViewController.swift */; };
		F653688A2272618100861E0D /* Main.storyboard in Resources */ = {isa = PBXBuildFile; fileRef = F65368882272618100861E0D /* Main.storyboard */; };
		F653688C2272618200861E0D /* Assets.xcassets in Resources */ = {isa = PBXBuildFile; fileRef = F653688B2272618200861E0D /* Assets.xcassets */; };
		F653688F2272618200861E0D /* LaunchScreen.storyboard in Resources */ = {isa = PBXBuildFile; fileRef = F653688D2272618200861E0D /* LaunchScreen.storyboard */; };
		F65368972272678C00861E0D /* UtilityViews.swift in Sources */ = {isa = PBXBuildFile; fileRef = F65368962272678C00861E0D /* UtilityViews.swift */; };
		F6ADA4C82273CBA000948B7D /* UserPreferences.swift in Sources */ = {isa = PBXBuildFile; fileRef = F6ADA4C72273CBA000948B7D /* UserPreferences.swift */; };
		F6D13E542277BF3800104CFF /* FirebaseCommunication.swift in Sources */ = {isa = PBXBuildFile; fileRef = F6D13E532277BF3800104CFF /* FirebaseCommunication.swift */; };
/* End PBXBuildFile section */

/* Begin PBXFileReference section */
		42A6523D5DB2C1D293FCBE23 /* Pods_Eventr.framework */ = {isa = PBXFileReference; explicitFileType = wrapper.framework; includeInIndex = 0; path = Pods_Eventr.framework; sourceTree = BUILT_PRODUCTS_DIR; };
		BACA90D8E42A7D2F6F33E825 /* Pods-Eventr.release.xcconfig */ = {isa = PBXFileReference; includeInIndex = 1; lastKnownFileType = text.xcconfig; name = "Pods-Eventr.release.xcconfig"; path = "Target Support Files/Pods-Eventr/Pods-Eventr.release.xcconfig"; sourceTree = "<group>"; };
		C7A54BFFEEECA5E876D9B033 /* Pods-Eventr.debug.xcconfig */ = {isa = PBXFileReference; includeInIndex = 1; lastKnownFileType = text.xcconfig; name = "Pods-Eventr.debug.xcconfig"; path = "Target Support Files/Pods-Eventr/Pods-Eventr.debug.xcconfig"; sourceTree = "<group>"; };
		F603C0FD2278BCD700EE8798 /* CreateEventViewController.swift */ = {isa = PBXFileReference; lastKnownFileType = sourcecode.swift; path = CreateEventViewController.swift; sourceTree = "<group>"; };
		F6103064228204C800E6D5CE /* ViewControllerExtension.swift */ = {isa = PBXFileReference; lastKnownFileType = sourcecode.swift; path = ViewControllerExtension.swift; sourceTree = "<group>"; };
		F6113F4422764FD900CAD961 /* GoogleService-Info.plist */ = {isa = PBXFileReference; fileEncoding = 4; lastKnownFileType = text.plist.xml; path = "GoogleService-Info.plist"; sourceTree = "<group>"; };
		F6113F46227654D200CAD961 /* StartViewController.swift */ = {isa = PBXFileReference; lastKnownFileType = sourcecode.swift; path = StartViewController.swift; sourceTree = "<group>"; };
		F6113F482276589400CAD961 /* SignUpViewController.swift */ = {isa = PBXFileReference; lastKnownFileType = sourcecode.swift; path = SignUpViewController.swift; sourceTree = "<group>"; };
		F6113F4A227660A900CAD961 /* LoginViewController.swift */ = {isa = PBXFileReference; lastKnownFileType = sourcecode.swift; path = LoginViewController.swift; sourceTree = "<group>"; };
		F62733012273873D00FDA681 /* Event.swift */ = {isa = PBXFileReference; lastKnownFileType = sourcecode.swift; path = Event.swift; sourceTree = "<group>"; };
		F62733032273944500FDA681 /* EventViewController.swift */ = {isa = PBXFileReference; lastKnownFileType = sourcecode.swift; path = EventViewController.swift; sourceTree = "<group>"; };
		F65368812272618000861E0D /* Eventr.app */ = {isa = PBXFileReference; explicitFileType = wrapper.application; includeInIndex = 0; path = Eventr.app; sourceTree = BUILT_PRODUCTS_DIR; };
		F65368842272618100861E0D /* AppDelegate.swift */ = {isa = PBXFileReference; lastKnownFileType = sourcecode.swift; path = AppDelegate.swift; sourceTree = "<group>"; };
		F65368862272618100861E0D /* ViewController.swift */ = {isa = PBXFileReference; lastKnownFileType = sourcecode.swift; path = ViewController.swift; sourceTree = "<group>"; };
		F65368892272618100861E0D /* Base */ = {isa = PBXFileReference; lastKnownFileType = file.storyboard; name = Base; path = Base.lproj/Main.storyboard; sourceTree = "<group>"; };
		F653688B2272618200861E0D /* Assets.xcassets */ = {isa = PBXFileReference; lastKnownFileType = folder.assetcatalog; path = Assets.xcassets; sourceTree = "<group>"; };
		F653688E2272618200861E0D /* Base */ = {isa = PBXFileReference; lastKnownFileType = file.storyboard; name = Base; path = Base.lproj/LaunchScreen.storyboard; sourceTree = "<group>"; };
		F65368902272618200861E0D /* Info.plist */ = {isa = PBXFileReference; lastKnownFileType = text.plist.xml; path = Info.plist; sourceTree = "<group>"; };
		F65368962272678C00861E0D /* UtilityViews.swift */ = {isa = PBXFileReference; lastKnownFileType = sourcecode.swift; path = UtilityViews.swift; sourceTree = "<group>"; };
		F6ADA4C72273CBA000948B7D /* UserPreferences.swift */ = {isa = PBXFileReference; lastKnownFileType = sourcecode.swift; path = UserPreferences.swift; sourceTree = "<group>"; };
		F6D13E532277BF3800104CFF /* FirebaseCommunication.swift */ = {isa = PBXFileReference; lastKnownFileType = sourcecode.swift; path = FirebaseCommunication.swift; sourceTree = "<group>"; };
/* End PBXFileReference section */

/* Begin PBXFrameworksBuildPhase section */
		F653687E2272618000861E0D /* Frameworks */ = {
			isa = PBXFrameworksBuildPhase;
			buildActionMask = 2147483647;
			files = (
				3EF991852444668B617BB6D3 /* Pods_Eventr.framework in Frameworks */,
			);
			runOnlyForDeploymentPostprocessing = 0;
		};
/* End PBXFrameworksBuildPhase section */

/* Begin PBXGroup section */
		3871AE982D85A4AB4FE00799 /* Frameworks */ = {
			isa = PBXGroup;
			children = (
				42A6523D5DB2C1D293FCBE23 /* Pods_Eventr.framework */,
			);
			name = Frameworks;
			sourceTree = "<group>";
		};
		BBB7927FAE220CA7C138B346 /* Pods */ = {
			isa = PBXGroup;
			children = (
				C7A54BFFEEECA5E876D9B033 /* Pods-Eventr.debug.xcconfig */,
				BACA90D8E42A7D2F6F33E825 /* Pods-Eventr.release.xcconfig */,
			);
			path = Pods;
			sourceTree = "<group>";
		};
		F65368782272618000861E0D = {
			isa = PBXGroup;
			children = (
				F65368832272618000861E0D /* Eventr */,
				F65368822272618000861E0D /* Products */,
				BBB7927FAE220CA7C138B346 /* Pods */,
				3871AE982D85A4AB4FE00799 /* Frameworks */,
			);
			sourceTree = "<group>";
		};
		F65368822272618000861E0D /* Products */ = {
			isa = PBXGroup;
			children = (
				F65368812272618000861E0D /* Eventr.app */,
			);
			name = Products;
			sourceTree = "<group>";
		};
		F65368832272618000861E0D /* Eventr */ = {
			isa = PBXGroup;
			children = (
				F6DAC8742281108A0009959D /* Views */,
				F6D13E522277BF1000104CFF /* Network */,
				F6113F4422764FD900CAD961 /* GoogleService-Info.plist */,
				F65368842272618100861E0D /* AppDelegate.swift */,
				F653688B2272618200861E0D /* Assets.xcassets */,
				F65368902272618200861E0D /* Info.plist */,
				F62733012273873D00FDA681 /* Event.swift */,
				F6ADA4C72273CBA000948B7D /* UserPreferences.swift */,
			);
			path = Eventr;
			sourceTree = "<group>";
		};
		F6D13E522277BF1000104CFF /* Network */ = {
			isa = PBXGroup;
			children = (
				F6D13E532277BF3800104CFF /* FirebaseCommunication.swift */,
			);
			path = Network;
			sourceTree = "<group>";
		};
		F6DAC8742281108A0009959D /* Views */ = {
			isa = PBXGroup;
			children = (
				F6DAC876228111420009959D /* Storyboards */,
				F65368962272678C00861E0D /* UtilityViews.swift */,
				F6DAC875228110CD0009959D /* Controllers */,
			);
			path = Views;
			sourceTree = "<group>";
		};
		F6DAC875228110CD0009959D /* Controllers */ = {
			isa = PBXGroup;
			children = (
				F6113F46227654D200CAD961 /* StartViewController.swift */,
				F6113F482276589400CAD961 /* SignUpViewController.swift */,
				F603C0FD2278BCD700EE8798 /* CreateEventViewController.swift */,
				F6113F4A227660A900CAD961 /* LoginViewController.swift */,
				F62733032273944500FDA681 /* EventViewController.swift */,
				F65368862272618100861E0D /* ViewController.swift */,
				F6103064228204C800E6D5CE /* ViewControllerExtension.swift */,
			);
			path = Controllers;
			sourceTree = "<group>";
		};
		F6DAC876228111420009959D /* Storyboards */ = {
			isa = PBXGroup;
			children = (
				F65368882272618100861E0D /* Main.storyboard */,
				F653688D2272618200861E0D /* LaunchScreen.storyboard */,
			);
			path = Storyboards;
			sourceTree = "<group>";
		};
/* End PBXGroup section */

/* Begin PBXNativeTarget section */
		F65368802272618000861E0D /* Eventr */ = {
			isa = PBXNativeTarget;
			buildConfigurationList = F65368932272618200861E0D /* Build configuration list for PBXNativeTarget "Eventr" */;
			buildPhases = (
				BAA4C04F064F01F9BF062E31 /* [CP] Check Pods Manifest.lock */,
				F653687D2272618000861E0D /* Sources */,
				F653687E2272618000861E0D /* Frameworks */,
				F653687F2272618000861E0D /* Resources */,
				9416CC86601319401CBE7428 /* [CP] Embed Pods Frameworks */,
				746376B8FAECD181F2B6EFF1 /* [CP] Copy Pods Resources */,
			);
			buildRules = (
			);
			dependencies = (
			);
			name = Eventr;
			productName = Eventr;
			productReference = F65368812272618000861E0D /* Eventr.app */;
			productType = "com.apple.product-type.application";
		};
/* End PBXNativeTarget section */

/* Begin PBXProject section */
		F65368792272618000861E0D /* Project object */ = {
			isa = PBXProject;
			attributes = {
				LastSwiftUpdateCheck = 1020;
				LastUpgradeCheck = 1020;
				ORGANIZATIONNAME = "Patrick Doyle";
				TargetAttributes = {
					F65368802272618000861E0D = {
						CreatedOnToolsVersion = 10.2.1;
					};
				};
			};
			buildConfigurationList = F653687C2272618000861E0D /* Build configuration list for PBXProject "Eventr" */;
			compatibilityVersion = "Xcode 9.3";
			developmentRegion = en;
			hasScannedForEncodings = 0;
			knownRegions = (
				en,
				Base,
			);
			mainGroup = F65368782272618000861E0D;
			productRefGroup = F65368822272618000861E0D /* Products */;
			projectDirPath = "";
			projectRoot = "";
			targets = (
				F65368802272618000861E0D /* Eventr */,
			);
		};
/* End PBXProject section */

/* Begin PBXResourcesBuildPhase section */
		F653687F2272618000861E0D /* Resources */ = {
			isa = PBXResourcesBuildPhase;
			buildActionMask = 2147483647;
			files = (
				F653688F2272618200861E0D /* LaunchScreen.storyboard in Resources */,
				F6113F4522764FD900CAD961 /* GoogleService-Info.plist in Resources */,
				F653688C2272618200861E0D /* Assets.xcassets in Resources */,
				F653688A2272618100861E0D /* Main.storyboard in Resources */,
			);
			runOnlyForDeploymentPostprocessing = 0;
		};
/* End PBXResourcesBuildPhase section */

/* Begin PBXShellScriptBuildPhase section */
		746376B8FAECD181F2B6EFF1 /* [CP] Copy Pods Resources */ = {
			isa = PBXShellScriptBuildPhase;
			buildActionMask = 2147483647;
			files = (
			);
			inputFileListPaths = (
			);
			inputPaths = (
				"${PODS_ROOT}/Target Support Files/Pods-Eventr/Pods-Eventr-resources.sh",
				"${PODS_ROOT}/GoogleSignIn/Resources/GoogleSignIn.bundle",
			);
			name = "[CP] Copy Pods Resources";
			outputFileListPaths = (
			);
			outputPaths = (
				"${TARGET_BUILD_DIR}/${UNLOCALIZED_RESOURCES_FOLDER_PATH}/GoogleSignIn.bundle",
			);
			runOnlyForDeploymentPostprocessing = 0;
			shellPath = /bin/sh;
			shellScript = "\"${PODS_ROOT}/Target Support Files/Pods-Eventr/Pods-Eventr-resources.sh\"\n";
			showEnvVarsInLog = 0;
		};
		9416CC86601319401CBE7428 /* [CP] Embed Pods Frameworks */ = {
			isa = PBXShellScriptBuildPhase;
			buildActionMask = 2147483647;
			files = (
			);
			inputFileListPaths = (
			);
			inputPaths = (
				"${PODS_ROOT}/Target Support Files/Pods-Eventr/Pods-Eventr-frameworks.sh",
				"${BUILT_PRODUCTS_DIR}/DropDown/DropDown.framework",
				"${BUILT_PRODUCTS_DIR}/GTMSessionFetcher/GTMSessionFetcher.framework",
				"${BUILT_PRODUCTS_DIR}/GoogleToolboxForMac/GoogleToolboxForMac.framework",
				"${BUILT_PRODUCTS_DIR}/GoogleUtilities/GoogleUtilities.framework",
				"${BUILT_PRODUCTS_DIR}/leveldb-library/leveldb.framework",
				"${BUILT_PRODUCTS_DIR}/nanopb/nanopb.framework",
			);
			name = "[CP] Embed Pods Frameworks";
			outputFileListPaths = (
			);
			outputPaths = (
				"${TARGET_BUILD_DIR}/${FRAMEWORKS_FOLDER_PATH}/DropDown.framework",
				"${TARGET_BUILD_DIR}/${FRAMEWORKS_FOLDER_PATH}/GTMSessionFetcher.framework",
				"${TARGET_BUILD_DIR}/${FRAMEWORKS_FOLDER_PATH}/GoogleToolboxForMac.framework",
				"${TARGET_BUILD_DIR}/${FRAMEWORKS_FOLDER_PATH}/GoogleUtilities.framework",
				"${TARGET_BUILD_DIR}/${FRAMEWORKS_FOLDER_PATH}/leveldb.framework",
				"${TARGET_BUILD_DIR}/${FRAMEWORKS_FOLDER_PATH}/nanopb.framework",
			);
			runOnlyForDeploymentPostprocessing = 0;
			shellPath = /bin/sh;
			shellScript = "\"${PODS_ROOT}/Target Support Files/Pods-Eventr/Pods-Eventr-frameworks.sh\"\n";
			showEnvVarsInLog = 0;
		};
		BAA4C04F064F01F9BF062E31 /* [CP] Check Pods Manifest.lock */ = {
			isa = PBXShellScriptBuildPhase;
			buildActionMask = 2147483647;
			files = (
			);
			inputFileListPaths = (
			);
			inputPaths = (
				"${PODS_PODFILE_DIR_PATH}/Podfile.lock",
				"${PODS_ROOT}/Manifest.lock",
			);
			name = "[CP] Check Pods Manifest.lock";
			outputFileListPaths = (
			);
			outputPaths = (
				"$(DERIVED_FILE_DIR)/Pods-Eventr-checkManifestLockResult.txt",
			);
			runOnlyForDeploymentPostprocessing = 0;
			shellPath = /bin/sh;
			shellScript = "diff \"${PODS_PODFILE_DIR_PATH}/Podfile.lock\" \"${PODS_ROOT}/Manifest.lock\" > /dev/null\nif [ $? != 0 ] ; then\n    # print error to STDERR\n    echo \"error: The sandbox is not in sync with the Podfile.lock. Run 'pod install' or update your CocoaPods installation.\" >&2\n    exit 1\nfi\n# This output is used by Xcode 'outputs' to avoid re-running this script phase.\necho \"SUCCESS\" > \"${SCRIPT_OUTPUT_FILE_0}\"\n";
			showEnvVarsInLog = 0;
		};
/* End PBXShellScriptBuildPhase section */

/* Begin PBXSourcesBuildPhase section */
		F653687D2272618000861E0D /* Sources */ = {
			isa = PBXSourcesBuildPhase;
			buildActionMask = 2147483647;
			files = (
				F6113F4B227660A900CAD961 /* LoginViewController.swift in Sources */,
				F6D13E542277BF3800104CFF /* FirebaseCommunication.swift in Sources */,
				F62733042273944500FDA681 /* EventViewController.swift in Sources */,
				F6113F47227654D200CAD961 /* StartViewController.swift in Sources */,
				F6113F492276589400CAD961 /* SignUpViewController.swift in Sources */,
				F6ADA4C82273CBA000948B7D /* UserPreferences.swift in Sources */,
				F62733022273873D00FDA681 /* Event.swift in Sources */,
				F603C0FE2278BCD700EE8798 /* CreateEventViewController.swift in Sources */,
				F6103065228204C800E6D5CE /* ViewControllerExtension.swift in Sources */,
				F65368872272618100861E0D /* ViewController.swift in Sources */,
				F65368852272618100861E0D /* AppDelegate.swift in Sources */,
				F65368972272678C00861E0D /* UtilityViews.swift in Sources */,
			);
			runOnlyForDeploymentPostprocessing = 0;
		};
/* End PBXSourcesBuildPhase section */

/* Begin PBXVariantGroup section */
		F65368882272618100861E0D /* Main.storyboard */ = {
			isa = PBXVariantGroup;
			children = (
				F65368892272618100861E0D /* Base */,
			);
			name = Main.storyboard;
			sourceTree = "<group>";
		};
		F653688D2272618200861E0D /* LaunchScreen.storyboard */ = {
			isa = PBXVariantGroup;
			children = (
				F653688E2272618200861E0D /* Base */,
			);
			name = LaunchScreen.storyboard;
			sourceTree = "<group>";
		};
/* End PBXVariantGroup section */

/* Begin XCBuildConfiguration section */
		F65368912272618200861E0D /* Debug */ = {
			isa = XCBuildConfiguration;
			buildSettings = {
				ALWAYS_SEARCH_USER_PATHS = NO;
				CLANG_ANALYZER_NONNULL = YES;
				CLANG_ANALYZER_NUMBER_OBJECT_CONVERSION = YES_AGGRESSIVE;
				CLANG_CXX_LANGUAGE_STANDARD = "gnu++14";
				CLANG_CXX_LIBRARY = "libc++";
				CLANG_ENABLE_MODULES = YES;
				CLANG_ENABLE_OBJC_ARC = YES;
				CLANG_ENABLE_OBJC_WEAK = YES;
				CLANG_WARN_BLOCK_CAPTURE_AUTORELEASING = YES;
				CLANG_WARN_BOOL_CONVERSION = YES;
				CLANG_WARN_COMMA = YES;
				CLANG_WARN_CONSTANT_CONVERSION = YES;
				CLANG_WARN_DEPRECATED_OBJC_IMPLEMENTATIONS = YES;
				CLANG_WARN_DIRECT_OBJC_ISA_USAGE = YES_ERROR;
				CLANG_WARN_DOCUMENTATION_COMMENTS = YES;
				CLANG_WARN_EMPTY_BODY = YES;
				CLANG_WARN_ENUM_CONVERSION = YES;
				CLANG_WARN_INFINITE_RECURSION = YES;
				CLANG_WARN_INT_CONVERSION = YES;
				CLANG_WARN_NON_LITERAL_NULL_CONVERSION = YES;
				CLANG_WARN_OBJC_IMPLICIT_RETAIN_SELF = YES;
				CLANG_WARN_OBJC_LITERAL_CONVERSION = YES;
				CLANG_WARN_OBJC_ROOT_CLASS = YES_ERROR;
				CLANG_WARN_RANGE_LOOP_ANALYSIS = YES;
				CLANG_WARN_STRICT_PROTOTYPES = YES;
				CLANG_WARN_SUSPICIOUS_MOVE = YES;
				CLANG_WARN_UNGUARDED_AVAILABILITY = YES_AGGRESSIVE;
				CLANG_WARN_UNREACHABLE_CODE = YES;
				CLANG_WARN__DUPLICATE_METHOD_MATCH = YES;
				CODE_SIGN_IDENTITY = "iPhone Developer";
				COPY_PHASE_STRIP = NO;
				DEBUG_INFORMATION_FORMAT = dwarf;
				ENABLE_STRICT_OBJC_MSGSEND = YES;
				ENABLE_TESTABILITY = YES;
				GCC_C_LANGUAGE_STANDARD = gnu11;
				GCC_DYNAMIC_NO_PIC = NO;
				GCC_NO_COMMON_BLOCKS = YES;
				GCC_OPTIMIZATION_LEVEL = 0;
				GCC_PREPROCESSOR_DEFINITIONS = (
					"DEBUG=1",
					"$(inherited)",
				);
				GCC_WARN_64_TO_32_BIT_CONVERSION = YES;
				GCC_WARN_ABOUT_RETURN_TYPE = YES_ERROR;
				GCC_WARN_UNDECLARED_SELECTOR = YES;
				GCC_WARN_UNINITIALIZED_AUTOS = YES_AGGRESSIVE;
				GCC_WARN_UNUSED_FUNCTION = YES;
				GCC_WARN_UNUSED_VARIABLE = YES;
				IPHONEOS_DEPLOYMENT_TARGET = 12.2;
				MTL_ENABLE_DEBUG_INFO = INCLUDE_SOURCE;
				MTL_FAST_MATH = YES;
				ONLY_ACTIVE_ARCH = YES;
				SDKROOT = iphoneos;
				SWIFT_ACTIVE_COMPILATION_CONDITIONS = DEBUG;
				SWIFT_OPTIMIZATION_LEVEL = "-Onone";
			};
			name = Debug;
		};
		F65368922272618200861E0D /* Release */ = {
			isa = XCBuildConfiguration;
			buildSettings = {
				ALWAYS_SEARCH_USER_PATHS = NO;
				CLANG_ANALYZER_NONNULL = YES;
				CLANG_ANALYZER_NUMBER_OBJECT_CONVERSION = YES_AGGRESSIVE;
				CLANG_CXX_LANGUAGE_STANDARD = "gnu++14";
				CLANG_CXX_LIBRARY = "libc++";
				CLANG_ENABLE_MODULES = YES;
				CLANG_ENABLE_OBJC_ARC = YES;
				CLANG_ENABLE_OBJC_WEAK = YES;
				CLANG_WARN_BLOCK_CAPTURE_AUTORELEASING = YES;
				CLANG_WARN_BOOL_CONVERSION = YES;
				CLANG_WARN_COMMA = YES;
				CLANG_WARN_CONSTANT_CONVERSION = YES;
				CLANG_WARN_DEPRECATED_OBJC_IMPLEMENTATIONS = YES;
				CLANG_WARN_DIRECT_OBJC_ISA_USAGE = YES_ERROR;
				CLANG_WARN_DOCUMENTATION_COMMENTS = YES;
				CLANG_WARN_EMPTY_BODY = YES;
				CLANG_WARN_ENUM_CONVERSION = YES;
				CLANG_WARN_INFINITE_RECURSION = YES;
				CLANG_WARN_INT_CONVERSION = YES;
				CLANG_WARN_NON_LITERAL_NULL_CONVERSION = YES;
				CLANG_WARN_OBJC_IMPLICIT_RETAIN_SELF = YES;
				CLANG_WARN_OBJC_LITERAL_CONVERSION = YES;
				CLANG_WARN_OBJC_ROOT_CLASS = YES_ERROR;
				CLANG_WARN_RANGE_LOOP_ANALYSIS = YES;
				CLANG_WARN_STRICT_PROTOTYPES = YES;
				CLANG_WARN_SUSPICIOUS_MOVE = YES;
				CLANG_WARN_UNGUARDED_AVAILABILITY = YES_AGGRESSIVE;
				CLANG_WARN_UNREACHABLE_CODE = YES;
				CLANG_WARN__DUPLICATE_METHOD_MATCH = YES;
				CODE_SIGN_IDENTITY = "iPhone Developer";
				COPY_PHASE_STRIP = NO;
				DEBUG_INFORMATION_FORMAT = "dwarf-with-dsym";
				ENABLE_NS_ASSERTIONS = NO;
				ENABLE_STRICT_OBJC_MSGSEND = YES;
				GCC_C_LANGUAGE_STANDARD = gnu11;
				GCC_NO_COMMON_BLOCKS = YES;
				GCC_WARN_64_TO_32_BIT_CONVERSION = YES;
				GCC_WARN_ABOUT_RETURN_TYPE = YES_ERROR;
				GCC_WARN_UNDECLARED_SELECTOR = YES;
				GCC_WARN_UNINITIALIZED_AUTOS = YES_AGGRESSIVE;
				GCC_WARN_UNUSED_FUNCTION = YES;
				GCC_WARN_UNUSED_VARIABLE = YES;
				IPHONEOS_DEPLOYMENT_TARGET = 12.2;
				MTL_ENABLE_DEBUG_INFO = NO;
				MTL_FAST_MATH = YES;
				SDKROOT = iphoneos;
				SWIFT_COMPILATION_MODE = wholemodule;
				SWIFT_OPTIMIZATION_LEVEL = "-O";
				VALIDATE_PRODUCT = YES;
			};
			name = Release;
		};
		F65368942272618200861E0D /* Debug */ = {
			isa = XCBuildConfiguration;
			baseConfigurationReference = C7A54BFFEEECA5E876D9B033 /* Pods-Eventr.debug.xcconfig */;
			buildSettings = {
				ASSETCATALOG_COMPILER_APPICON_NAME = AppIcon;
				CODE_SIGN_STYLE = Automatic;
				DEVELOPMENT_TEAM = 5FXSK8WB9T;
				INFOPLIST_FILE = Eventr/Info.plist;
				LD_RUNPATH_SEARCH_PATHS = (
					"$(inherited)",
					"@executable_path/Frameworks",
				);
				PRODUCT_BUNDLE_IDENTIFIER = io.github.patpatchpatrick.Eventr;
				PRODUCT_NAME = "$(TARGET_NAME)";
				SWIFT_VERSION = 5.0;
				TARGETED_DEVICE_FAMILY = "1,2";
			};
			name = Debug;
		};
		F65368952272618200861E0D /* Release */ = {
			isa = XCBuildConfiguration;
			baseConfigurationReference = BACA90D8E42A7D2F6F33E825 /* Pods-Eventr.release.xcconfig */;
			buildSettings = {
				ASSETCATALOG_COMPILER_APPICON_NAME = AppIcon;
				CODE_SIGN_STYLE = Automatic;
				DEVELOPMENT_TEAM = 5FXSK8WB9T;
				INFOPLIST_FILE = Eventr/Info.plist;
				LD_RUNPATH_SEARCH_PATHS = (
					"$(inherited)",
					"@executable_path/Frameworks",
				);
				PRODUCT_BUNDLE_IDENTIFIER = io.github.patpatchpatrick.Eventr;
				PRODUCT_NAME = "$(TARGET_NAME)";
				SWIFT_VERSION = 5.0;
				TARGETED_DEVICE_FAMILY = "1,2";
			};
			name = Release;
		};
/* End XCBuildConfiguration section */

/* Begin XCConfigurationList section */
		F653687C2272618000861E0D /* Build configuration list for PBXProject "Eventr" */ = {
			isa = XCConfigurationList;
			buildConfigurations = (
				F65368912272618200861E0D /* Debug */,
				F65368922272618200861E0D /* Release */,
			);
			defaultConfigurationIsVisible = 0;
			defaultConfigurationName = Release;
		};
		F65368932272618200861E0D /* Build configuration list for PBXNativeTarget "Eventr" */ = {
			isa = XCConfigurationList;
			buildConfigurations = (
				F65368942272618200861E0D /* Debug */,
				F65368952272618200861E0D /* Release */,
			);
			defaultConfigurationIsVisible = 0;
			defaultConfigurationName = Release;
		};
/* End XCConfigurationList section */
	};
	rootObject = F65368792272618000861E0D /* Project object */;
}
