// !$*UTF8*$!
{
	archiveVersion = 1;
	classes = {
	};
	objectVersion = 50;
	objects = {

/* Begin PBXBuildFile section */
		3EF991852444668B617BB6D3 /* Pods_Eventr.framework in Frameworks */ = {isa = PBXBuildFile; fileRef = 42A6523D5DB2C1D293FCBE23 /* Pods_Eventr.framework */; };
		F603C0FE2278BCD700EE8798 /* CreateEventViewController.swift in Sources */ = {isa = PBXBuildFile; fileRef = F603C0FD2278BCD700EE8798 /* CreateEventViewController.swift */; };
		F6103065228204C800E6D5CE /* ViewControllerExtension.swift in Sources */ = {isa = PBXBuildFile; fileRef = F6103064228204C800E6D5CE /* ViewControllerExtension.swift */; };
		F61030672282141C00E6D5CE /* CreateEventViewControllerExtension.swift in Sources */ = {isa = PBXBuildFile; fileRef = F61030662282141C00E6D5CE /* CreateEventViewControllerExtension.swift */; };
		F610306B228226D300E6D5CE /* CalendarSectionHeaderView.xib in Resources */ = {isa = PBXBuildFile; fileRef = F610306A228226D300E6D5CE /* CalendarSectionHeaderView.xib */; };
		F6113F4522764FD900CAD961 /* GoogleService-Info.plist in Resources */ = {isa = PBXBuildFile; fileRef = F6113F4422764FD900CAD961 /* GoogleService-Info.plist */; };
		F6113F47227654D200CAD961 /* StartViewController.swift in Sources */ = {isa = PBXBuildFile; fileRef = F6113F46227654D200CAD961 /* StartViewController.swift */; };
		F6113F492276589400CAD961 /* SignUpViewController.swift in Sources */ = {isa = PBXBuildFile; fileRef = F6113F482276589400CAD961 /* SignUpViewController.swift */; };
		F6113F4B227660A900CAD961 /* LoginViewController.swift in Sources */ = {isa = PBXBuildFile; fileRef = F6113F4A227660A900CAD961 /* LoginViewController.swift */; };
		F611F52E228352F400CB02DE /* ViewControllerCalendarExtension.swift in Sources */ = {isa = PBXBuildFile; fileRef = F611F52D228352F400CB02DE /* ViewControllerCalendarExtension.swift */; };
		F6174C1C228C9FAC001EF6F9 /* Heebo-Black.ttf in Resources */ = {isa = PBXBuildFile; fileRef = F6174C15228C9FAB001EF6F9 /* Heebo-Black.ttf */; };
		F6174C1D228C9FAC001EF6F9 /* Heebo-Thin.ttf in Resources */ = {isa = PBXBuildFile; fileRef = F6174C16228C9FAB001EF6F9 /* Heebo-Thin.ttf */; };
		F6174C1E228C9FAC001EF6F9 /* Heebo-Light.ttf in Resources */ = {isa = PBXBuildFile; fileRef = F6174C17228C9FAC001EF6F9 /* Heebo-Light.ttf */; };
		F6174C1F228C9FAC001EF6F9 /* Heebo-Regular.ttf in Resources */ = {isa = PBXBuildFile; fileRef = F6174C18228C9FAC001EF6F9 /* Heebo-Regular.ttf */; };
		F6174C20228C9FAC001EF6F9 /* Heebo-Medium.ttf in Resources */ = {isa = PBXBuildFile; fileRef = F6174C19228C9FAC001EF6F9 /* Heebo-Medium.ttf */; };
		F6174C21228C9FAC001EF6F9 /* Heebo-ExtraBold.ttf in Resources */ = {isa = PBXBuildFile; fileRef = F6174C1A228C9FAC001EF6F9 /* Heebo-ExtraBold.ttf */; };
		F6174C22228C9FAC001EF6F9 /* Heebo-Bold.ttf in Resources */ = {isa = PBXBuildFile; fileRef = F6174C1B228C9FAC001EF6F9 /* Heebo-Bold.ttf */; };
		F6174C24228C9FBE001EF6F9 /* Heebo-Bold.ttf in Resources */ = {isa = PBXBuildFile; fileRef = F6174C1B228C9FAC001EF6F9 /* Heebo-Bold.ttf */; };
		F6174C25228C9FC1001EF6F9 /* Heebo-Black.ttf in Resources */ = {isa = PBXBuildFile; fileRef = F6174C15228C9FAB001EF6F9 /* Heebo-Black.ttf */; };
		F6174C26228C9FC3001EF6F9 /* Heebo-ExtraBold.ttf in Resources */ = {isa = PBXBuildFile; fileRef = F6174C1A228C9FAC001EF6F9 /* Heebo-ExtraBold.ttf */; };
		F6174C27228C9FC6001EF6F9 /* Heebo-Light.ttf in Resources */ = {isa = PBXBuildFile; fileRef = F6174C17228C9FAC001EF6F9 /* Heebo-Light.ttf */; };
		F6174C28228C9FC8001EF6F9 /* Heebo-Medium.ttf in Resources */ = {isa = PBXBuildFile; fileRef = F6174C19228C9FAC001EF6F9 /* Heebo-Medium.ttf */; };
		F6174C29228C9FCC001EF6F9 /* Heebo-Regular.ttf in Resources */ = {isa = PBXBuildFile; fileRef = F6174C18228C9FAC001EF6F9 /* Heebo-Regular.ttf */; };
		F6174C2A228C9FCF001EF6F9 /* Heebo-Thin.ttf in Resources */ = {isa = PBXBuildFile; fileRef = F6174C16228C9FAB001EF6F9 /* Heebo-Thin.ttf */; };
		F61DE9662295C49500C3E654 /* SettingsViewController.swift in Sources */ = {isa = PBXBuildFile; fileRef = F61DE9652295C49500C3E654 /* SettingsViewController.swift */; };
		F62733022273873D00FDA681 /* Event.swift in Sources */ = {isa = PBXBuildFile; fileRef = F62733012273873D00FDA681 /* Event.swift */; };
		F62733042273944500FDA681 /* EventViewController.swift in Sources */ = {isa = PBXBuildFile; fileRef = F62733032273944500FDA681 /* EventViewController.swift */; };
		F63E6E98229DE2A9004F1657 /* FirebaseQueries.swift in Sources */ = {isa = PBXBuildFile; fileRef = F63E6E97229DE2A9004F1657 /* FirebaseQueries.swift */; };
		F64509F52292113B00D36C16 /* CustomDesign.swift in Sources */ = {isa = PBXBuildFile; fileRef = F64509F42292113B00D36C16 /* CustomDesign.swift */; };
		F64509F722921F4100D36C16 /* Raleway-SemiBold.ttf in Resources */ = {isa = PBXBuildFile; fileRef = F64509F622921F4100D36C16 /* Raleway-SemiBold.ttf */; };
		F64509F822921F4100D36C16 /* Raleway-SemiBold.ttf in Resources */ = {isa = PBXBuildFile; fileRef = F64509F622921F4100D36C16 /* Raleway-SemiBold.ttf */; };
		F65368852272618100861E0D /* AppDelegate.swift in Sources */ = {isa = PBXBuildFile; fileRef = F65368842272618100861E0D /* AppDelegate.swift */; };
		F65368872272618100861E0D /* ViewController.swift in Sources */ = {isa = PBXBuildFile; fileRef = F65368862272618100861E0D /* ViewController.swift */; };
		F653688A2272618100861E0D /* Main.storyboard in Resources */ = {isa = PBXBuildFile; fileRef = F65368882272618100861E0D /* Main.storyboard */; };
		F653688C2272618200861E0D /* Assets.xcassets in Resources */ = {isa = PBXBuildFile; fileRef = F653688B2272618200861E0D /* Assets.xcassets */; };
		F653688F2272618200861E0D /* LaunchScreen.storyboard in Resources */ = {isa = PBXBuildFile; fileRef = F653688D2272618200861E0D /* LaunchScreen.storyboard */; };
		F65368972272678C00861E0D /* UtilityViews.swift in Sources */ = {isa = PBXBuildFile; fileRef = F65368962272678C00861E0D /* UtilityViews.swift */; };
		F675F4C222BABC07006F7827 /* EventSnippet.swift in Sources */ = {isa = PBXBuildFile; fileRef = F675F4C122BABC07006F7827 /* EventSnippet.swift */; };
		F67E98B8228BB16A0070E547 /* Notifications.swift in Sources */ = {isa = PBXBuildFile; fileRef = F67E98B7228BB16A0070E547 /* Notifications.swift */; };
		F6A071D622A86D5C002058BF /* CustomCategoryButton.swift in Sources */ = {isa = PBXBuildFile; fileRef = F6A071D522A86D5C002058BF /* CustomCategoryButton.swift */; };
		F6A071D822A86D87002058BF /* CustomCategoryButton.xib in Resources */ = {isa = PBXBuildFile; fileRef = F6A071D722A86D87002058BF /* CustomCategoryButton.xib */; };
		F6ADA4C82273CBA000948B7D /* EventCategories.swift in Sources */ = {isa = PBXBuildFile; fileRef = F6ADA4C72273CBA000948B7D /* EventCategories.swift */; };
		F6B45C1E22827CA50035BA15 /* CustomExtensions.swift in Sources */ = {isa = PBXBuildFile; fileRef = F6B45C1D22827CA50035BA15 /* CustomExtensions.swift */; };
		F6C21484229C89400066B15F /* ManualFirebase.swift in Sources */ = {isa = PBXBuildFile; fileRef = F6C21483229C89400066B15F /* ManualFirebase.swift */; };
		F6C39772229F4D1300FFFA55 /* ViewControllerDataHandlerExtension.swift in Sources */ = {isa = PBXBuildFile; fileRef = F6C39771229F4D1300FFFA55 /* ViewControllerDataHandlerExtension.swift */; };
		F6C8B220228F68C500F78BB0 /* Raleway-Thin.ttf in Resources */ = {isa = PBXBuildFile; fileRef = F6C8B21B228F68C400F78BB0 /* Raleway-Thin.ttf */; };
		F6C8B221228F68C500F78BB0 /* Raleway-Thin.ttf in Resources */ = {isa = PBXBuildFile; fileRef = F6C8B21B228F68C400F78BB0 /* Raleway-Thin.ttf */; };
		F6C8B222228F68C500F78BB0 /* Raleway-Regular.ttf in Resources */ = {isa = PBXBuildFile; fileRef = F6C8B21C228F68C400F78BB0 /* Raleway-Regular.ttf */; };
		F6C8B223228F68C500F78BB0 /* Raleway-Regular.ttf in Resources */ = {isa = PBXBuildFile; fileRef = F6C8B21C228F68C400F78BB0 /* Raleway-Regular.ttf */; };
		F6C8B224228F68C500F78BB0 /* Raleway-Medium.ttf in Resources */ = {isa = PBXBuildFile; fileRef = F6C8B21D228F68C400F78BB0 /* Raleway-Medium.ttf */; };
		F6C8B225228F68C500F78BB0 /* Raleway-Medium.ttf in Resources */ = {isa = PBXBuildFile; fileRef = F6C8B21D228F68C400F78BB0 /* Raleway-Medium.ttf */; };
		F6C8B226228F68C500F78BB0 /* Raleway-Bold.ttf in Resources */ = {isa = PBXBuildFile; fileRef = F6C8B21E228F68C400F78BB0 /* Raleway-Bold.ttf */; };
		F6C8B227228F68C500F78BB0 /* Raleway-Bold.ttf in Resources */ = {isa = PBXBuildFile; fileRef = F6C8B21E228F68C400F78BB0 /* Raleway-Bold.ttf */; };
		F6C8B228228F68C500F78BB0 /* Raleway-Light.ttf in Resources */ = {isa = PBXBuildFile; fileRef = F6C8B21F228F68C500F78BB0 /* Raleway-Light.ttf */; };
		F6C8B229228F68C500F78BB0 /* Raleway-Light.ttf in Resources */ = {isa = PBXBuildFile; fileRef = F6C8B21F228F68C500F78BB0 /* Raleway-Light.ttf */; };
		F6D13E542277BF3800104CFF /* FirebaseCommunication.swift in Sources */ = {isa = PBXBuildFile; fileRef = F6D13E532277BF3800104CFF /* FirebaseCommunication.swift */; };
		F6DB438322AF1E2000E3F159 /* FirebasePresenter.swift in Sources */ = {isa = PBXBuildFile; fileRef = F6DB438222AF1E2000E3F159 /* FirebasePresenter.swift */; };
		F6DB438522AF1E9500E3F159 /* FirebaseDeletions.swift in Sources */ = {isa = PBXBuildFile; fileRef = F6DB438422AF1E9500E3F159 /* FirebaseDeletions.swift */; };
		F6E1AC26228CEE09000D0D87 /* Theme.xcassets in Resources */ = {isa = PBXBuildFile; fileRef = F6E1AC25228CEE09000D0D87 /* Theme.xcassets */; };
		F6F2DAF0228B5D9100BB1F36 /* UserDefaultsManager.swift in Sources */ = {isa = PBXBuildFile; fileRef = F6F2DAEF228B5D9100BB1F36 /* UserDefaultsManager.swift */; };
		F6F2DAF3228B6C8900BB1F36 /* Constants.swift in Sources */ = {isa = PBXBuildFile; fileRef = F6F2DAF2228B6C8900BB1F36 /* Constants.swift */; };
		F6F6A6FE22B08E630069154D /* FriendsViewController.swift in Sources */ = {isa = PBXBuildFile; fileRef = F6F6A6FD22B08E630069154D /* FriendsViewController.swift */; };
		F6F6A70122B0938E0069154D /* Friend.swift in Sources */ = {isa = PBXBuildFile; fileRef = F6F6A70022B0938E0069154D /* Friend.swift */; };
		F6FD35C6228A4D1D000DF12B /* EventrUITests.swift in Sources */ = {isa = PBXBuildFile; fileRef = F6FD35C5228A4D1D000DF12B /* EventrUITests.swift */; };
/* End PBXBuildFile section */

/* Begin PBXContainerItemProxy section */
		F6FD35C8228A4D1D000DF12B /* PBXContainerItemProxy */ = {
			isa = PBXContainerItemProxy;
			containerPortal = F65368792272618000861E0D /* Project object */;
			proxyType = 1;
			remoteGlobalIDString = F65368802272618000861E0D;
			remoteInfo = Eventr;
		};
/* End PBXContainerItemProxy section */

/* Begin PBXFileReference section */
		42A6523D5DB2C1D293FCBE23 /* Pods_Eventr.framework */ = {isa = PBXFileReference; explicitFileType = wrapper.framework; includeInIndex = 0; path = Pods_Eventr.framework; sourceTree = BUILT_PRODUCTS_DIR; };
		BACA90D8E42A7D2F6F33E825 /* Pods-Eventr.release.xcconfig */ = {isa = PBXFileReference; includeInIndex = 1; lastKnownFileType = text.xcconfig; name = "Pods-Eventr.release.xcconfig"; path = "Target Support Files/Pods-Eventr/Pods-Eventr.release.xcconfig"; sourceTree = "<group>"; };
		C7A54BFFEEECA5E876D9B033 /* Pods-Eventr.debug.xcconfig */ = {isa = PBXFileReference; includeInIndex = 1; lastKnownFileType = text.xcconfig; name = "Pods-Eventr.debug.xcconfig"; path = "Target Support Files/Pods-Eventr/Pods-Eventr.debug.xcconfig"; sourceTree = "<group>"; };
		F603C0FD2278BCD700EE8798 /* CreateEventViewController.swift */ = {isa = PBXFileReference; lastKnownFileType = sourcecode.swift; path = CreateEventViewController.swift; sourceTree = "<group>"; };
		F6103064228204C800E6D5CE /* ViewControllerExtension.swift */ = {isa = PBXFileReference; lastKnownFileType = sourcecode.swift; path = ViewControllerExtension.swift; sourceTree = "<group>"; };
		F61030662282141C00E6D5CE /* CreateEventViewControllerExtension.swift */ = {isa = PBXFileReference; lastKnownFileType = sourcecode.swift; path = CreateEventViewControllerExtension.swift; sourceTree = "<group>"; };
		F610306A228226D300E6D5CE /* CalendarSectionHeaderView.xib */ = {isa = PBXFileReference; lastKnownFileType = file.xib; path = CalendarSectionHeaderView.xib; sourceTree = "<group>"; };
		F6113F4422764FD900CAD961 /* GoogleService-Info.plist */ = {isa = PBXFileReference; fileEncoding = 4; lastKnownFileType = text.plist.xml; path = "GoogleService-Info.plist"; sourceTree = "<group>"; };
		F6113F46227654D200CAD961 /* StartViewController.swift */ = {isa = PBXFileReference; lastKnownFileType = sourcecode.swift; path = StartViewController.swift; sourceTree = "<group>"; };
		F6113F482276589400CAD961 /* SignUpViewController.swift */ = {isa = PBXFileReference; lastKnownFileType = sourcecode.swift; path = SignUpViewController.swift; sourceTree = "<group>"; };
		F6113F4A227660A900CAD961 /* LoginViewController.swift */ = {isa = PBXFileReference; lastKnownFileType = sourcecode.swift; path = LoginViewController.swift; sourceTree = "<group>"; };
		F611F52D228352F400CB02DE /* ViewControllerCalendarExtension.swift */ = {isa = PBXFileReference; lastKnownFileType = sourcecode.swift; path = ViewControllerCalendarExtension.swift; sourceTree = "<group>"; };
		F6174C15228C9FAB001EF6F9 /* Heebo-Black.ttf */ = {isa = PBXFileReference; lastKnownFileType = file; path = "Heebo-Black.ttf"; sourceTree = "<group>"; };
		F6174C16228C9FAB001EF6F9 /* Heebo-Thin.ttf */ = {isa = PBXFileReference; lastKnownFileType = file; path = "Heebo-Thin.ttf"; sourceTree = "<group>"; };
		F6174C17228C9FAC001EF6F9 /* Heebo-Light.ttf */ = {isa = PBXFileReference; lastKnownFileType = file; path = "Heebo-Light.ttf"; sourceTree = "<group>"; };
		F6174C18228C9FAC001EF6F9 /* Heebo-Regular.ttf */ = {isa = PBXFileReference; lastKnownFileType = file; path = "Heebo-Regular.ttf"; sourceTree = "<group>"; };
		F6174C19228C9FAC001EF6F9 /* Heebo-Medium.ttf */ = {isa = PBXFileReference; lastKnownFileType = file; path = "Heebo-Medium.ttf"; sourceTree = "<group>"; };
		F6174C1A228C9FAC001EF6F9 /* Heebo-ExtraBold.ttf */ = {isa = PBXFileReference; lastKnownFileType = file; path = "Heebo-ExtraBold.ttf"; sourceTree = "<group>"; };
		F6174C1B228C9FAC001EF6F9 /* Heebo-Bold.ttf */ = {isa = PBXFileReference; lastKnownFileType = file; path = "Heebo-Bold.ttf"; sourceTree = "<group>"; };
		F61DE9652295C49500C3E654 /* SettingsViewController.swift */ = {isa = PBXFileReference; lastKnownFileType = sourcecode.swift; path = SettingsViewController.swift; sourceTree = "<group>"; };
		F62733012273873D00FDA681 /* Event.swift */ = {isa = PBXFileReference; lastKnownFileType = sourcecode.swift; path = Event.swift; sourceTree = "<group>"; };
		F62733032273944500FDA681 /* EventViewController.swift */ = {isa = PBXFileReference; lastKnownFileType = sourcecode.swift; path = EventViewController.swift; sourceTree = "<group>"; };
		F63E6E97229DE2A9004F1657 /* FirebaseQueries.swift */ = {isa = PBXFileReference; lastKnownFileType = sourcecode.swift; path = FirebaseQueries.swift; sourceTree = "<group>"; };
		F64509F42292113B00D36C16 /* CustomDesign.swift */ = {isa = PBXFileReference; lastKnownFileType = sourcecode.swift; path = CustomDesign.swift; sourceTree = "<group>"; };
		F64509F622921F4100D36C16 /* Raleway-SemiBold.ttf */ = {isa = PBXFileReference; lastKnownFileType = file; path = "Raleway-SemiBold.ttf"; sourceTree = "<group>"; };
		F65368812272618000861E0D /* Eventr!.app */ = {isa = PBXFileReference; explicitFileType = wrapper.application; includeInIndex = 0; path = "Eventr!.app"; sourceTree = BUILT_PRODUCTS_DIR; };
		F65368842272618100861E0D /* AppDelegate.swift */ = {isa = PBXFileReference; lastKnownFileType = sourcecode.swift; path = AppDelegate.swift; sourceTree = "<group>"; };
		F65368862272618100861E0D /* ViewController.swift */ = {isa = PBXFileReference; lastKnownFileType = sourcecode.swift; path = ViewController.swift; sourceTree = "<group>"; };
		F65368892272618100861E0D /* Base */ = {isa = PBXFileReference; lastKnownFileType = file.storyboard; name = Base; path = Base.lproj/Main.storyboard; sourceTree = "<group>"; };
		F653688B2272618200861E0D /* Assets.xcassets */ = {isa = PBXFileReference; lastKnownFileType = folder.assetcatalog; path = Assets.xcassets; sourceTree = "<group>"; };
		F653688E2272618200861E0D /* Base */ = {isa = PBXFileReference; lastKnownFileType = file.storyboard; name = Base; path = Base.lproj/LaunchScreen.storyboard; sourceTree = "<group>"; };
		F65368902272618200861E0D /* Info.plist */ = {isa = PBXFileReference; lastKnownFileType = text.plist.xml; path = Info.plist; sourceTree = "<group>"; };
		F65368962272678C00861E0D /* UtilityViews.swift */ = {isa = PBXFileReference; lastKnownFileType = sourcecode.swift; path = UtilityViews.swift; sourceTree = "<group>"; };
		F675F4C122BABC07006F7827 /* EventSnippet.swift */ = {isa = PBXFileReference; lastKnownFileType = sourcecode.swift; path = EventSnippet.swift; sourceTree = "<group>"; };
		F67E98B7228BB16A0070E547 /* Notifications.swift */ = {isa = PBXFileReference; lastKnownFileType = sourcecode.swift; path = Notifications.swift; sourceTree = "<group>"; };
		F6A071D522A86D5C002058BF /* CustomCategoryButton.swift */ = {isa = PBXFileReference; lastKnownFileType = sourcecode.swift; path = CustomCategoryButton.swift; sourceTree = "<group>"; };
		F6A071D722A86D87002058BF /* CustomCategoryButton.xib */ = {isa = PBXFileReference; lastKnownFileType = file.xib; path = CustomCategoryButton.xib; sourceTree = "<group>"; };
		F6ADA4C72273CBA000948B7D /* EventCategories.swift */ = {isa = PBXFileReference; lastKnownFileType = sourcecode.swift; path = EventCategories.swift; sourceTree = "<group>"; };
		F6B45C1D22827CA50035BA15 /* CustomExtensions.swift */ = {isa = PBXFileReference; lastKnownFileType = sourcecode.swift; path = CustomExtensions.swift; sourceTree = "<group>"; };
		F6C21483229C89400066B15F /* ManualFirebase.swift */ = {isa = PBXFileReference; lastKnownFileType = sourcecode.swift; path = ManualFirebase.swift; sourceTree = "<group>"; };
		F6C39771229F4D1300FFFA55 /* ViewControllerDataHandlerExtension.swift */ = {isa = PBXFileReference; lastKnownFileType = sourcecode.swift; path = ViewControllerDataHandlerExtension.swift; sourceTree = "<group>"; };
		F6C8B21B228F68C400F78BB0 /* Raleway-Thin.ttf */ = {isa = PBXFileReference; lastKnownFileType = file; path = "Raleway-Thin.ttf"; sourceTree = "<group>"; };
		F6C8B21C228F68C400F78BB0 /* Raleway-Regular.ttf */ = {isa = PBXFileReference; lastKnownFileType = file; path = "Raleway-Regular.ttf"; sourceTree = "<group>"; };
		F6C8B21D228F68C400F78BB0 /* Raleway-Medium.ttf */ = {isa = PBXFileReference; lastKnownFileType = file; path = "Raleway-Medium.ttf"; sourceTree = "<group>"; };
		F6C8B21E228F68C400F78BB0 /* Raleway-Bold.ttf */ = {isa = PBXFileReference; lastKnownFileType = file; path = "Raleway-Bold.ttf"; sourceTree = "<group>"; };
		F6C8B21F228F68C500F78BB0 /* Raleway-Light.ttf */ = {isa = PBXFileReference; lastKnownFileType = file; path = "Raleway-Light.ttf"; sourceTree = "<group>"; };
		F6D13E532277BF3800104CFF /* FirebaseCommunication.swift */ = {isa = PBXFileReference; lastKnownFileType = sourcecode.swift; path = FirebaseCommunication.swift; sourceTree = "<group>"; };
		F6DB438222AF1E2000E3F159 /* FirebasePresenter.swift */ = {isa = PBXFileReference; lastKnownFileType = sourcecode.swift; path = FirebasePresenter.swift; sourceTree = "<group>"; };
		F6DB438422AF1E9500E3F159 /* FirebaseDeletions.swift */ = {isa = PBXFileReference; lastKnownFileType = sourcecode.swift; path = FirebaseDeletions.swift; sourceTree = "<group>"; };
		F6E1AC25228CEE09000D0D87 /* Theme.xcassets */ = {isa = PBXFileReference; lastKnownFileType = folder.assetcatalog; path = Theme.xcassets; sourceTree = "<group>"; };
		F6F2DAEF228B5D9100BB1F36 /* UserDefaultsManager.swift */ = {isa = PBXFileReference; lastKnownFileType = sourcecode.swift; path = UserDefaultsManager.swift; sourceTree = "<group>"; };
		F6F2DAF2228B6C8900BB1F36 /* Constants.swift */ = {isa = PBXFileReference; lastKnownFileType = sourcecode.swift; path = Constants.swift; sourceTree = "<group>"; };
		F6F6A6FD22B08E630069154D /* FriendsViewController.swift */ = {isa = PBXFileReference; lastKnownFileType = sourcecode.swift; path = FriendsViewController.swift; sourceTree = "<group>"; };
		F6F6A70022B0938E0069154D /* Friend.swift */ = {isa = PBXFileReference; lastKnownFileType = sourcecode.swift; path = Friend.swift; sourceTree = "<group>"; };
		F6FD35C3228A4D1D000DF12B /* Eventr!UITests.xctest */ = {isa = PBXFileReference; explicitFileType = wrapper.cfbundle; includeInIndex = 0; path = "Eventr!UITests.xctest"; sourceTree = BUILT_PRODUCTS_DIR; };
		F6FD35C5228A4D1D000DF12B /* EventrUITests.swift */ = {isa = PBXFileReference; lastKnownFileType = sourcecode.swift; path = EventrUITests.swift; sourceTree = "<group>"; };
		F6FD35C7228A4D1D000DF12B /* Info.plist */ = {isa = PBXFileReference; lastKnownFileType = text.plist.xml; path = Info.plist; sourceTree = "<group>"; };
/* End PBXFileReference section */

/* Begin PBXFrameworksBuildPhase section */
		F653687E2272618000861E0D /* Frameworks */ = {
			isa = PBXFrameworksBuildPhase;
			buildActionMask = 2147483647;
			files = (
				3EF991852444668B617BB6D3 /* Pods_Eventr.framework in Frameworks */,
			);
			runOnlyForDeploymentPostprocessing = 0;
		};
		F6FD35C0228A4D1D000DF12B /* Frameworks */ = {
			isa = PBXFrameworksBuildPhase;
			buildActionMask = 2147483647;
			files = (
			);
			runOnlyForDeploymentPostprocessing = 0;
		};
/* End PBXFrameworksBuildPhase section */

/* Begin PBXGroup section */
		3871AE982D85A4AB4FE00799 /* Frameworks */ = {
			isa = PBXGroup;
			children = (
				42A6523D5DB2C1D293FCBE23 /* Pods_Eventr.framework */,
			);
			name = Frameworks;
			sourceTree = "<group>";
		};
		BBB7927FAE220CA7C138B346 /* Pods */ = {
			isa = PBXGroup;
			children = (
				C7A54BFFEEECA5E876D9B033 /* Pods-Eventr.debug.xcconfig */,
				BACA90D8E42A7D2F6F33E825 /* Pods-Eventr.release.xcconfig */,
			);
			path = Pods;
			sourceTree = "<group>";
		};
		F6103DF122824DF900137171 /* Custom Views */ = {
			isa = PBXGroup;
			children = (
				F65368962272678C00861E0D /* UtilityViews.swift */,
				F610306A228226D300E6D5CE /* CalendarSectionHeaderView.xib */,
				F6A071D522A86D5C002058BF /* CustomCategoryButton.swift */,
				F6A071D722A86D87002058BF /* CustomCategoryButton.xib */,
			);
			path = "Custom Views";
			sourceTree = "<group>";
		};
		F6174C13228C9F5F001EF6F9 /* Assets */ = {
			isa = PBXGroup;
			children = (
				F6E1AC25228CEE09000D0D87 /* Theme.xcassets */,
				F653688B2272618200861E0D /* Assets.xcassets */,
				F6174C14228C9F6F001EF6F9 /* Fonts */,
			);
			path = Assets;
			sourceTree = "<group>";
		};
		F6174C14228C9F6F001EF6F9 /* Fonts */ = {
			isa = PBXGroup;
			children = (
				F6C8B21F228F68C500F78BB0 /* Raleway-Light.ttf */,
				F64509F622921F4100D36C16 /* Raleway-SemiBold.ttf */,
				F6C8B21E228F68C400F78BB0 /* Raleway-Bold.ttf */,
				F6C8B21D228F68C400F78BB0 /* Raleway-Medium.ttf */,
				F6C8B21C228F68C400F78BB0 /* Raleway-Regular.ttf */,
				F6C8B21B228F68C400F78BB0 /* Raleway-Thin.ttf */,
				F6174C15228C9FAB001EF6F9 /* Heebo-Black.ttf */,
				F6174C1B228C9FAC001EF6F9 /* Heebo-Bold.ttf */,
				F6174C1A228C9FAC001EF6F9 /* Heebo-ExtraBold.ttf */,
				F6174C17228C9FAC001EF6F9 /* Heebo-Light.ttf */,
				F6174C19228C9FAC001EF6F9 /* Heebo-Medium.ttf */,
				F6174C18228C9FAC001EF6F9 /* Heebo-Regular.ttf */,
				F6174C16228C9FAB001EF6F9 /* Heebo-Thin.ttf */,
			);
			path = Fonts;
			sourceTree = "<group>";
		};
		F65368782272618000861E0D = {
			isa = PBXGroup;
			children = (
				F65368832272618000861E0D /* Eventr */,
				F6FD35C4228A4D1D000DF12B /* EventrUITests */,
				F65368822272618000861E0D /* Products */,
				BBB7927FAE220CA7C138B346 /* Pods */,
				3871AE982D85A4AB4FE00799 /* Frameworks */,
			);
			sourceTree = "<group>";
		};
		F65368822272618000861E0D /* Products */ = {
			isa = PBXGroup;
			children = (
				F65368812272618000861E0D /* Eventr!.app */,
				F6FD35C3228A4D1D000DF12B /* Eventr!UITests.xctest */,
			);
			name = Products;
			sourceTree = "<group>";
		};
		F65368832272618000861E0D /* Eventr */ = {
			isa = PBXGroup;
			children = (
				F6F6A6FF22B0936F0069154D /* Users */,
				F6174C13228C9F5F001EF6F9 /* Assets */,
				F67E98B9228BB92D0070E547 /* Events */,
				F6F2DAF1228B6C7000BB1F36 /* Utilities */,
				F6DAC8742281108A0009959D /* Views */,
				F6D13E522277BF1000104CFF /* Network */,
				F6113F4422764FD900CAD961 /* GoogleService-Info.plist */,
				F65368842272618100861E0D /* AppDelegate.swift */,
				F65368902272618200861E0D /* Info.plist */,
			);
			path = Eventr;
			sourceTree = "<group>";
		};
		F67E98B9228BB92D0070E547 /* Events */ = {
			isa = PBXGroup;
			children = (
				F6ADA4C72273CBA000948B7D /* EventCategories.swift */,
				F62733012273873D00FDA681 /* Event.swift */,
				F675F4C122BABC07006F7827 /* EventSnippet.swift */,
			);
			path = Events;
			sourceTree = "<group>";
		};
		F6D13E522277BF1000104CFF /* Network */ = {
			isa = PBXGroup;
			children = (
				F6D13E532277BF3800104CFF /* FirebaseCommunication.swift */,
				F6C21483229C89400066B15F /* ManualFirebase.swift */,
				F63E6E97229DE2A9004F1657 /* FirebaseQueries.swift */,
				F6DB438222AF1E2000E3F159 /* FirebasePresenter.swift */,
				F6DB438422AF1E9500E3F159 /* FirebaseDeletions.swift */,
			);
			path = Network;
			sourceTree = "<group>";
		};
		F6DAC8742281108A0009959D /* Views */ = {
			isa = PBXGroup;
			children = (
				F6103DF122824DF900137171 /* Custom Views */,
				F6DAC876228111420009959D /* Storyboards */,
				F6DAC875228110CD0009959D /* Controllers */,
			);
			path = Views;
			sourceTree = "<group>";
		};
		F6DAC875228110CD0009959D /* Controllers */ = {
			isa = PBXGroup;
			children = (
				F6113F46227654D200CAD961 /* StartViewController.swift */,
				F6113F482276589400CAD961 /* SignUpViewController.swift */,
				F603C0FD2278BCD700EE8798 /* CreateEventViewController.swift */,
				F61030662282141C00E6D5CE /* CreateEventViewControllerExtension.swift */,
				F62733032273944500FDA681 /* EventViewController.swift */,
				F65368862272618100861E0D /* ViewController.swift */,
				F6103064228204C800E6D5CE /* ViewControllerExtension.swift */,
				F6C39771229F4D1300FFFA55 /* ViewControllerDataHandlerExtension.swift */,
				F6113F4A227660A900CAD961 /* LoginViewController.swift */,
				F611F52D228352F400CB02DE /* ViewControllerCalendarExtension.swift */,
				F61DE9652295C49500C3E654 /* SettingsViewController.swift */,
				F6F6A6FD22B08E630069154D /* FriendsViewController.swift */,
			);
			path = Controllers;
			sourceTree = "<group>";
		};
		F6DAC876228111420009959D /* Storyboards */ = {
			isa = PBXGroup;
			children = (
				F65368882272618100861E0D /* Main.storyboard */,
				F653688D2272618200861E0D /* LaunchScreen.storyboard */,
			);
			path = Storyboards;
			sourceTree = "<group>";
		};
		F6F2DAF1228B6C7000BB1F36 /* Utilities */ = {
			isa = PBXGroup;
			children = (
				F6B45C1D22827CA50035BA15 /* CustomExtensions.swift */,
				F6F2DAEF228B5D9100BB1F36 /* UserDefaultsManager.swift */,
				F6F2DAF2228B6C8900BB1F36 /* Constants.swift */,
				F67E98B7228BB16A0070E547 /* Notifications.swift */,
				F64509F42292113B00D36C16 /* CustomDesign.swift */,
			);
			path = Utilities;
			sourceTree = "<group>";
		};
		F6F6A6FF22B0936F0069154D /* Users */ = {
			isa = PBXGroup;
			children = (
				F6F6A70022B0938E0069154D /* Friend.swift */,
			);
			path = Users;
			sourceTree = "<group>";
		};
		F6FD35C4228A4D1D000DF12B /* EventrUITests */ = {
			isa = PBXGroup;
			children = (
				F6FD35C5228A4D1D000DF12B /* EventrUITests.swift */,
				F6FD35C7228A4D1D000DF12B /* Info.plist */,
			);
			path = EventrUITests;
			sourceTree = "<group>";
		};
/* End PBXGroup section */

/* Begin PBXNativeTarget section */
		F65368802272618000861E0D /* Eventr */ = {
			isa = PBXNativeTarget;
			buildConfigurationList = F65368932272618200861E0D /* Build configuration list for PBXNativeTarget "Eventr" */;
			buildPhases = (
				BAA4C04F064F01F9BF062E31 /* [CP] Check Pods Manifest.lock */,
				F653687D2272618000861E0D /* Sources */,
				F653687E2272618000861E0D /* Frameworks */,
				F653687F2272618000861E0D /* Resources */,
				9416CC86601319401CBE7428 /* [CP] Embed Pods Frameworks */,
				746376B8FAECD181F2B6EFF1 /* [CP] Copy Pods Resources */,
			);
			buildRules = (
			);
			dependencies = (
			);
			name = Eventr;
			productName = Eventr;
			productReference = F65368812272618000861E0D /* Eventr!.app */;
			productType = "com.apple.product-type.application";
		};
		F6FD35C2228A4D1D000DF12B /* EventrUITests */ = {
			isa = PBXNativeTarget;
			buildConfigurationList = F6FD35CC228A4D1D000DF12B /* Build configuration list for PBXNativeTarget "EventrUITests" */;
			buildPhases = (
				F6FD35BF228A4D1D000DF12B /* Sources */,
				F6FD35C0228A4D1D000DF12B /* Frameworks */,
				F6FD35C1228A4D1D000DF12B /* Resources */,
			);
			buildRules = (
			);
			dependencies = (
				F6FD35C9228A4D1D000DF12B /* PBXTargetDependency */,
			);
			name = EventrUITests;
			productName = EventrUITests;
			productReference = F6FD35C3228A4D1D000DF12B /* Eventr!UITests.xctest */;
			productType = "com.apple.product-type.bundle.ui-testing";
		};
/* End PBXNativeTarget section */

/* Begin PBXProject section */
		F65368792272618000861E0D /* Project object */ = {
			isa = PBXProject;
			attributes = {
				LastSwiftUpdateCheck = 1020;
				LastUpgradeCheck = 1020;
				ORGANIZATIONNAME = "Patrick Doyle";
				TargetAttributes = {
					F65368802272618000861E0D = {
						CreatedOnToolsVersion = 10.2.1;
						SystemCapabilities = {
							com.apple.InAppPurchase = {
								enabled = 0;
							};
						};
					};
					F6FD35C2228A4D1D000DF12B = {
						CreatedOnToolsVersion = 10.2.1;
						TestTargetID = F65368802272618000861E0D;
					};
				};
			};
			buildConfigurationList = F653687C2272618000861E0D /* Build configuration list for PBXProject "Eventr" */;
			compatibilityVersion = "Xcode 9.3";
			developmentRegion = en;
			hasScannedForEncodings = 0;
			knownRegions = (
				en,
				Base,
			);
			mainGroup = F65368782272618000861E0D;
			productRefGroup = F65368822272618000861E0D /* Products */;
			projectDirPath = "";
			projectRoot = "";
			targets = (
				F65368802272618000861E0D /* Eventr */,
				F6FD35C2228A4D1D000DF12B /* EventrUITests */,
			);
		};
/* End PBXProject section */

/* Begin PBXResourcesBuildPhase section */
		F653687F2272618000861E0D /* Resources */ = {
			isa = PBXResourcesBuildPhase;
			buildActionMask = 2147483647;
			files = (
				F64509F722921F4100D36C16 /* Raleway-SemiBold.ttf in Resources */,
				F6174C1C228C9FAC001EF6F9 /* Heebo-Black.ttf in Resources */,
				F6C8B224228F68C500F78BB0 /* Raleway-Medium.ttf in Resources */,
				F6C8B222228F68C500F78BB0 /* Raleway-Regular.ttf in Resources */,
				F6174C20228C9FAC001EF6F9 /* Heebo-Medium.ttf in Resources */,
				F610306B228226D300E6D5CE /* CalendarSectionHeaderView.xib in Resources */,
				F6A071D822A86D87002058BF /* CustomCategoryButton.xib in Resources */,
				F6174C22228C9FAC001EF6F9 /* Heebo-Bold.ttf in Resources */,
				F6174C21228C9FAC001EF6F9 /* Heebo-ExtraBold.ttf in Resources */,
				F653688F2272618200861E0D /* LaunchScreen.storyboard in Resources */,
				F6174C1E228C9FAC001EF6F9 /* Heebo-Light.ttf in Resources */,
				F6174C1F228C9FAC001EF6F9 /* Heebo-Regular.ttf in Resources */,
				F6113F4522764FD900CAD961 /* GoogleService-Info.plist in Resources */,
				F653688C2272618200861E0D /* Assets.xcassets in Resources */,
				F6E1AC26228CEE09000D0D87 /* Theme.xcassets in Resources */,
				F6C8B226228F68C500F78BB0 /* Raleway-Bold.ttf in Resources */,
				F6174C1D228C9FAC001EF6F9 /* Heebo-Thin.ttf in Resources */,
				F6C8B228228F68C500F78BB0 /* Raleway-Light.ttf in Resources */,
				F653688A2272618100861E0D /* Main.storyboard in Resources */,
				F6C8B220228F68C500F78BB0 /* Raleway-Thin.ttf in Resources */,
			);
			runOnlyForDeploymentPostprocessing = 0;
		};
		F6FD35C1228A4D1D000DF12B /* Resources */ = {
			isa = PBXResourcesBuildPhase;
			buildActionMask = 2147483647;
			files = (
				F6174C25228C9FC1001EF6F9 /* Heebo-Black.ttf in Resources */,
				F6C8B221228F68C500F78BB0 /* Raleway-Thin.ttf in Resources */,
				F6174C29228C9FCC001EF6F9 /* Heebo-Regular.ttf in Resources */,
				F6C8B229228F68C500F78BB0 /* Raleway-Light.ttf in Resources */,
				F6174C28228C9FC8001EF6F9 /* Heebo-Medium.ttf in Resources */,
				F6C8B223228F68C500F78BB0 /* Raleway-Regular.ttf in Resources */,
				F6174C26228C9FC3001EF6F9 /* Heebo-ExtraBold.ttf in Resources */,
				F6174C24228C9FBE001EF6F9 /* Heebo-Bold.ttf in Resources */,
				F6C8B225228F68C500F78BB0 /* Raleway-Medium.ttf in Resources */,
				F64509F822921F4100D36C16 /* Raleway-SemiBold.ttf in Resources */,
				F6C8B227228F68C500F78BB0 /* Raleway-Bold.ttf in Resources */,
				F6174C2A228C9FCF001EF6F9 /* Heebo-Thin.ttf in Resources */,
				F6174C27228C9FC6001EF6F9 /* Heebo-Light.ttf in Resources */,
			);
			runOnlyForDeploymentPostprocessing = 0;
		};
/* End PBXResourcesBuildPhase section */

/* Begin PBXShellScriptBuildPhase section */
		746376B8FAECD181F2B6EFF1 /* [CP] Copy Pods Resources */ = {
			isa = PBXShellScriptBuildPhase;
			buildActionMask = 2147483647;
			files = (
			);
			inputFileListPaths = (
			);
			inputPaths = (
				"${PODS_ROOT}/Target Support Files/Pods-Eventr/Pods-Eventr-resources.sh",
				"${PODS_ROOT}/GoogleSignIn/Resources/GoogleSignIn.bundle",
			);
			name = "[CP] Copy Pods Resources";
			outputFileListPaths = (
			);
			outputPaths = (
				"${TARGET_BUILD_DIR}/${UNLOCALIZED_RESOURCES_FOLDER_PATH}/GoogleSignIn.bundle",
			);
			runOnlyForDeploymentPostprocessing = 0;
			shellPath = /bin/sh;
			shellScript = "\"${PODS_ROOT}/Target Support Files/Pods-Eventr/Pods-Eventr-resources.sh\"\n";
			showEnvVarsInLog = 0;
		};
		9416CC86601319401CBE7428 /* [CP] Embed Pods Frameworks */ = {
			isa = PBXShellScriptBuildPhase;
			buildActionMask = 2147483647;
			files = (
			);
			inputFileListPaths = (
			);
			inputPaths = (
				"${PODS_ROOT}/Target Support Files/Pods-Eventr/Pods-Eventr-frameworks.sh",
				"${BUILT_PRODUCTS_DIR}/DropDown/DropDown.framework",
				"${BUILT_PRODUCTS_DIR}/GTMSessionFetcher/GTMSessionFetcher.framework",
				"${BUILT_PRODUCTS_DIR}/GoogleToolboxForMac/GoogleToolboxForMac.framework",
				"${BUILT_PRODUCTS_DIR}/GoogleUtilities/GoogleUtilities.framework",
				"${BUILT_PRODUCTS_DIR}/JTAppleCalendar/JTAppleCalendar.framework",
				"${BUILT_PRODUCTS_DIR}/KMPlaceholderTextView/KMPlaceholderTextView.framework",
				"${BUILT_PRODUCTS_DIR}/PhoneNumberKit/PhoneNumberKit.framework",
				"${BUILT_PRODUCTS_DIR}/leveldb-library/leveldb.framework",
				"${BUILT_PRODUCTS_DIR}/nanopb/nanopb.framework",
			);
			name = "[CP] Embed Pods Frameworks";
			outputFileListPaths = (
			);
			outputPaths = (
				"${TARGET_BUILD_DIR}/${FRAMEWORKS_FOLDER_PATH}/DropDown.framework",
				"${TARGET_BUILD_DIR}/${FRAMEWORKS_FOLDER_PATH}/GTMSessionFetcher.framework",
				"${TARGET_BUILD_DIR}/${FRAMEWORKS_FOLDER_PATH}/GoogleToolboxForMac.framework",
				"${TARGET_BUILD_DIR}/${FRAMEWORKS_FOLDER_PATH}/GoogleUtilities.framework",
				"${TARGET_BUILD_DIR}/${FRAMEWORKS_FOLDER_PATH}/JTAppleCalendar.framework",
				"${TARGET_BUILD_DIR}/${FRAMEWORKS_FOLDER_PATH}/KMPlaceholderTextView.framework",
				"${TARGET_BUILD_DIR}/${FRAMEWORKS_FOLDER_PATH}/PhoneNumberKit.framework",
				"${TARGET_BUILD_DIR}/${FRAMEWORKS_FOLDER_PATH}/leveldb.framework",
				"${TARGET_BUILD_DIR}/${FRAMEWORKS_FOLDER_PATH}/nanopb.framework",
			);
			runOnlyForDeploymentPostprocessing = 0;
			shellPath = /bin/sh;
			shellScript = "\"${PODS_ROOT}/Target Support Files/Pods-Eventr/Pods-Eventr-frameworks.sh\"\n";
			showEnvVarsInLog = 0;
		};
		BAA4C04F064F01F9BF062E31 /* [CP] Check Pods Manifest.lock */ = {
			isa = PBXShellScriptBuildPhase;
			buildActionMask = 2147483647;
			files = (
			);
			inputFileListPaths = (
			);
			inputPaths = (
				"${PODS_PODFILE_DIR_PATH}/Podfile.lock",
				"${PODS_ROOT}/Manifest.lock",
			);
			name = "[CP] Check Pods Manifest.lock";
			outputFileListPaths = (
			);
			outputPaths = (
				"$(DERIVED_FILE_DIR)/Pods-Eventr-checkManifestLockResult.txt",
			);
			runOnlyForDeploymentPostprocessing = 0;
			shellPath = /bin/sh;
			shellScript = "diff \"${PODS_PODFILE_DIR_PATH}/Podfile.lock\" \"${PODS_ROOT}/Manifest.lock\" > /dev/null\nif [ $? != 0 ] ; then\n    # print error to STDERR\n    echo \"error: The sandbox is not in sync with the Podfile.lock. Run 'pod install' or update your CocoaPods installation.\" >&2\n    exit 1\nfi\n# This output is used by Xcode 'outputs' to avoid re-running this script phase.\necho \"SUCCESS\" > \"${SCRIPT_OUTPUT_FILE_0}\"\n";
			showEnvVarsInLog = 0;
		};
/* End PBXShellScriptBuildPhase section */

/* Begin PBXSourcesBuildPhase section */
		F653687D2272618000861E0D /* Sources */ = {
			isa = PBXSourcesBuildPhase;
			buildActionMask = 2147483647;
			files = (
				F64509F52292113B00D36C16 /* CustomDesign.swift in Sources */,
				F6B45C1E22827CA50035BA15 /* CustomExtensions.swift in Sources */,
				F6F2DAF3228B6C8900BB1F36 /* Constants.swift in Sources */,
				F63E6E98229DE2A9004F1657 /* FirebaseQueries.swift in Sources */,
				F61DE9662295C49500C3E654 /* SettingsViewController.swift in Sources */,
				F6113F4B227660A900CAD961 /* LoginViewController.swift in Sources */,
				F6D13E542277BF3800104CFF /* FirebaseCommunication.swift in Sources */,
				F62733042273944500FDA681 /* EventViewController.swift in Sources */,
				F6DB438322AF1E2000E3F159 /* FirebasePresenter.swift in Sources */,
				F61030672282141C00E6D5CE /* CreateEventViewControllerExtension.swift in Sources */,
				F6F6A6FE22B08E630069154D /* FriendsViewController.swift in Sources */,
				F6113F47227654D200CAD961 /* StartViewController.swift in Sources */,
				F675F4C222BABC07006F7827 /* EventSnippet.swift in Sources */,
				F6F2DAF0228B5D9100BB1F36 /* UserDefaultsManager.swift in Sources */,
				F611F52E228352F400CB02DE /* ViewControllerCalendarExtension.swift in Sources */,
				F6113F492276589400CAD961 /* SignUpViewController.swift in Sources */,
				F6F6A70122B0938E0069154D /* Friend.swift in Sources */,
				F6DB438522AF1E9500E3F159 /* FirebaseDeletions.swift in Sources */,
				F6ADA4C82273CBA000948B7D /* EventCategories.swift in Sources */,
				F62733022273873D00FDA681 /* Event.swift in Sources */,
				F67E98B8228BB16A0070E547 /* Notifications.swift in Sources */,
				F603C0FE2278BCD700EE8798 /* CreateEventViewController.swift in Sources */,
				F6103065228204C800E6D5CE /* ViewControllerExtension.swift in Sources */,
				F6A071D622A86D5C002058BF /* CustomCategoryButton.swift in Sources */,
				F65368872272618100861E0D /* ViewController.swift in Sources */,
				F6C21484229C89400066B15F /* ManualFirebase.swift in Sources */,
				F65368852272618100861E0D /* AppDelegate.swift in Sources */,
				F65368972272678C00861E0D /* UtilityViews.swift in Sources */,
				F6C39772229F4D1300FFFA55 /* ViewControllerDataHandlerExtension.swift in Sources */,
			);
			runOnlyForDeploymentPostprocessing = 0;
		};
		F6FD35BF228A4D1D000DF12B /* Sources */ = {
			isa = PBXSourcesBuildPhase;
			buildActionMask = 2147483647;
			files = (
				F6FD35C6228A4D1D000DF12B /* EventrUITests.swift in Sources */,
			);
			runOnlyForDeploymentPostprocessing = 0;
		};
/* End PBXSourcesBuildPhase section */

/* Begin PBXTargetDependency section */
		F6FD35C9228A4D1D000DF12B /* PBXTargetDependency */ = {
			isa = PBXTargetDependency;
			target = F65368802272618000861E0D /* Eventr */;
			targetProxy = F6FD35C8228A4D1D000DF12B /* PBXContainerItemProxy */;
		};
/* End PBXTargetDependency section */

/* Begin PBXVariantGroup section */
		F65368882272618100861E0D /* Main.storyboard */ = {
			isa = PBXVariantGroup;
			children = (
				F65368892272618100861E0D /* Base */,
			);
			name = Main.storyboard;
			sourceTree = "<group>";
		};
		F653688D2272618200861E0D /* LaunchScreen.storyboard */ = {
			isa = PBXVariantGroup;
			children = (
				F653688E2272618200861E0D /* Base */,
			);
			name = LaunchScreen.storyboard;
			sourceTree = "<group>";
		};
/* End PBXVariantGroup section */

/* Begin XCBuildConfiguration section */
		F65368912272618200861E0D /* Debug */ = {
			isa = XCBuildConfiguration;
			buildSettings = {
				ALWAYS_SEARCH_USER_PATHS = NO;
				CLANG_ANALYZER_NONNULL = YES;
				CLANG_ANALYZER_NUMBER_OBJECT_CONVERSION = YES_AGGRESSIVE;
				CLANG_CXX_LANGUAGE_STANDARD = "gnu++14";
				CLANG_CXX_LIBRARY = "libc++";
				CLANG_ENABLE_MODULES = YES;
				CLANG_ENABLE_OBJC_ARC = YES;
				CLANG_ENABLE_OBJC_WEAK = YES;
				CLANG_WARN_BLOCK_CAPTURE_AUTORELEASING = YES;
				CLANG_WARN_BOOL_CONVERSION = YES;
				CLANG_WARN_COMMA = YES;
				CLANG_WARN_CONSTANT_CONVERSION = YES;
				CLANG_WARN_DEPRECATED_OBJC_IMPLEMENTATIONS = YES;
				CLANG_WARN_DIRECT_OBJC_ISA_USAGE = YES_ERROR;
				CLANG_WARN_DOCUMENTATION_COMMENTS = YES;
				CLANG_WARN_EMPTY_BODY = YES;
				CLANG_WARN_ENUM_CONVERSION = YES;
				CLANG_WARN_INFINITE_RECURSION = YES;
				CLANG_WARN_INT_CONVERSION = YES;
				CLANG_WARN_NON_LITERAL_NULL_CONVERSION = YES;
				CLANG_WARN_OBJC_IMPLICIT_RETAIN_SELF = YES;
				CLANG_WARN_OBJC_LITERAL_CONVERSION = YES;
				CLANG_WARN_OBJC_ROOT_CLASS = YES_ERROR;
				CLANG_WARN_RANGE_LOOP_ANALYSIS = YES;
				CLANG_WARN_STRICT_PROTOTYPES = YES;
				CLANG_WARN_SUSPICIOUS_MOVE = YES;
				CLANG_WARN_UNGUARDED_AVAILABILITY = YES_AGGRESSIVE;
				CLANG_WARN_UNREACHABLE_CODE = YES;
				CLANG_WARN__DUPLICATE_METHOD_MATCH = YES;
				CODE_SIGN_IDENTITY = "iPhone Developer";
				COPY_PHASE_STRIP = NO;
				DEBUG_INFORMATION_FORMAT = dwarf;
				ENABLE_STRICT_OBJC_MSGSEND = YES;
				ENABLE_TESTABILITY = YES;
				GCC_C_LANGUAGE_STANDARD = gnu11;
				GCC_DYNAMIC_NO_PIC = NO;
				GCC_NO_COMMON_BLOCKS = YES;
				GCC_OPTIMIZATION_LEVEL = 0;
				GCC_PREPROCESSOR_DEFINITIONS = (
					"DEBUG=1",
					"$(inherited)",
				);
				GCC_WARN_64_TO_32_BIT_CONVERSION = YES;
				GCC_WARN_ABOUT_RETURN_TYPE = YES_ERROR;
				GCC_WARN_UNDECLARED_SELECTOR = YES;
				GCC_WARN_UNINITIALIZED_AUTOS = YES_AGGRESSIVE;
				GCC_WARN_UNUSED_FUNCTION = YES;
				GCC_WARN_UNUSED_VARIABLE = YES;
				IPHONEOS_DEPLOYMENT_TARGET = 12.2;
				MTL_ENABLE_DEBUG_INFO = INCLUDE_SOURCE;
				MTL_FAST_MATH = YES;
				ONLY_ACTIVE_ARCH = YES;
				SDKROOT = iphoneos;
				SWIFT_ACTIVE_COMPILATION_CONDITIONS = DEBUG;
				SWIFT_OPTIMIZATION_LEVEL = "-Onone";
			};
			name = Debug;
		};
		F65368922272618200861E0D /* Release */ = {
			isa = XCBuildConfiguration;
			buildSettings = {
				ALWAYS_SEARCH_USER_PATHS = NO;
				CLANG_ANALYZER_NONNULL = YES;
				CLANG_ANALYZER_NUMBER_OBJECT_CONVERSION = YES_AGGRESSIVE;
				CLANG_CXX_LANGUAGE_STANDARD = "gnu++14";
				CLANG_CXX_LIBRARY = "libc++";
				CLANG_ENABLE_MODULES = YES;
				CLANG_ENABLE_OBJC_ARC = YES;
				CLANG_ENABLE_OBJC_WEAK = YES;
				CLANG_WARN_BLOCK_CAPTURE_AUTORELEASING = YES;
				CLANG_WARN_BOOL_CONVERSION = YES;
				CLANG_WARN_COMMA = YES;
				CLANG_WARN_CONSTANT_CONVERSION = YES;
				CLANG_WARN_DEPRECATED_OBJC_IMPLEMENTATIONS = YES;
				CLANG_WARN_DIRECT_OBJC_ISA_USAGE = YES_ERROR;
				CLANG_WARN_DOCUMENTATION_COMMENTS = YES;
				CLANG_WARN_EMPTY_BODY = YES;
				CLANG_WARN_ENUM_CONVERSION = YES;
				CLANG_WARN_INFINITE_RECURSION = YES;
				CLANG_WARN_INT_CONVERSION = YES;
				CLANG_WARN_NON_LITERAL_NULL_CONVERSION = YES;
				CLANG_WARN_OBJC_IMPLICIT_RETAIN_SELF = YES;
				CLANG_WARN_OBJC_LITERAL_CONVERSION = YES;
				CLANG_WARN_OBJC_ROOT_CLASS = YES_ERROR;
				CLANG_WARN_RANGE_LOOP_ANALYSIS = YES;
				CLANG_WARN_STRICT_PROTOTYPES = YES;
				CLANG_WARN_SUSPICIOUS_MOVE = YES;
				CLANG_WARN_UNGUARDED_AVAILABILITY = YES_AGGRESSIVE;
				CLANG_WARN_UNREACHABLE_CODE = YES;
				CLANG_WARN__DUPLICATE_METHOD_MATCH = YES;
				CODE_SIGN_IDENTITY = "iPhone Developer";
				COPY_PHASE_STRIP = NO;
				DEBUG_INFORMATION_FORMAT = "dwarf-with-dsym";
				ENABLE_NS_ASSERTIONS = NO;
				ENABLE_STRICT_OBJC_MSGSEND = YES;
				GCC_C_LANGUAGE_STANDARD = gnu11;
				GCC_NO_COMMON_BLOCKS = YES;
				GCC_WARN_64_TO_32_BIT_CONVERSION = YES;
				GCC_WARN_ABOUT_RETURN_TYPE = YES_ERROR;
				GCC_WARN_UNDECLARED_SELECTOR = YES;
				GCC_WARN_UNINITIALIZED_AUTOS = YES_AGGRESSIVE;
				GCC_WARN_UNUSED_FUNCTION = YES;
				GCC_WARN_UNUSED_VARIABLE = YES;
				IPHONEOS_DEPLOYMENT_TARGET = 12.2;
				MTL_ENABLE_DEBUG_INFO = NO;
				MTL_FAST_MATH = YES;
				SDKROOT = iphoneos;
				SWIFT_COMPILATION_MODE = wholemodule;
				SWIFT_OPTIMIZATION_LEVEL = "-O";
				VALIDATE_PRODUCT = YES;
			};
			name = Release;
		};
		F65368942272618200861E0D /* Debug */ = {
			isa = XCBuildConfiguration;
			baseConfigurationReference = C7A54BFFEEECA5E876D9B033 /* Pods-Eventr.debug.xcconfig */;
			buildSettings = {
				ASSETCATALOG_COMPILER_APPICON_NAME = AppIcon;
				CODE_SIGN_STYLE = Automatic;
				DEVELOPMENT_TEAM = 5FXSK8WB9T;
				INFOPLIST_FILE = Eventr/Info.plist;
				LD_RUNPATH_SEARCH_PATHS = (
					"$(inherited)",
					"@executable_path/Frameworks",
				);
				PRODUCT_BUNDLE_IDENTIFIER = io.github.patpatchpatrick.Fiesta;
				PRODUCT_NAME = "Eventr!";
				SWIFT_VERSION = 5.0;
				TARGETED_DEVICE_FAMILY = "1,2";
			};
			name = Debug;
		};
		F65368952272618200861E0D /* Release */ = {
			isa = XCBuildConfiguration;
			baseConfigurationReference = BACA90D8E42A7D2F6F33E825 /* Pods-Eventr.release.xcconfig */;
			buildSettings = {
				ASSETCATALOG_COMPILER_APPICON_NAME = AppIcon;
				CODE_SIGN_STYLE = Automatic;
				DEVELOPMENT_TEAM = 5FXSK8WB9T;
				INFOPLIST_FILE = Eventr/Info.plist;
				LD_RUNPATH_SEARCH_PATHS = (
					"$(inherited)",
					"@executable_path/Frameworks",
				);
				PRODUCT_BUNDLE_IDENTIFIER = io.github.patpatchpatrick.Fiesta;
				PRODUCT_NAME = "Eventr!";
				SWIFT_VERSION = 5.0;
				TARGETED_DEVICE_FAMILY = "1,2";
			};
			name = Release;
		};
		F6FD35CA228A4D1D000DF12B /* Debug */ = {
			isa = XCBuildConfiguration;
			buildSettings = {
				CODE_SIGN_STYLE = Automatic;
				DEVELOPMENT_TEAM = 5FXSK8WB9T;
				INFOPLIST_FILE = EventrUITests/Info.plist;
				LD_RUNPATH_SEARCH_PATHS = (
					"$(inherited)",
					"@executable_path/Frameworks",
					"@loader_path/Frameworks",
				);
				PRODUCT_BUNDLE_IDENTIFIER = io.github.patpatchpatrick.EventrUITests;
				PRODUCT_NAME = "Eventr!UITests";
				SWIFT_VERSION = 5.0;
				TARGETED_DEVICE_FAMILY = "1,2";
				TEST_TARGET_NAME = Eventr;
			};
			name = Debug;
		};
		F6FD35CB228A4D1D000DF12B /* Release */ = {
			isa = XCBuildConfiguration;
			buildSettings = {
				CODE_SIGN_STYLE = Automatic;
				DEVELOPMENT_TEAM = 5FXSK8WB9T;
				INFOPLIST_FILE = EventrUITests/Info.plist;
				LD_RUNPATH_SEARCH_PATHS = (
					"$(inherited)",
					"@executable_path/Frameworks",
					"@loader_path/Frameworks",
				);
				PRODUCT_BUNDLE_IDENTIFIER = io.github.patpatchpatrick.EventrUITests;
				PRODUCT_NAME = "Eventr!UITests";
				SWIFT_VERSION = 5.0;
				TARGETED_DEVICE_FAMILY = "1,2";
				TEST_TARGET_NAME = Eventr;
			};
			name = Release;
		};
/* End XCBuildConfiguration section */

/* Begin XCConfigurationList section */
		F653687C2272618000861E0D /* Build configuration list for PBXProject "Eventr" */ = {
			isa = XCConfigurationList;
			buildConfigurations = (
				F65368912272618200861E0D /* Debug */,
				F65368922272618200861E0D /* Release */,
			);
			defaultConfigurationIsVisible = 0;
			defaultConfigurationName = Release;
		};
		F65368932272618200861E0D /* Build configuration list for PBXNativeTarget "Eventr" */ = {
			isa = XCConfigurationList;
			buildConfigurations = (
				F65368942272618200861E0D /* Debug */,
				F65368952272618200861E0D /* Release */,
			);
			defaultConfigurationIsVisible = 0;
			defaultConfigurationName = Release;
		};
		F6FD35CC228A4D1D000DF12B /* Build configuration list for PBXNativeTarget "EventrUITests" */ = {
			isa = XCConfigurationList;
			buildConfigurations = (
				F6FD35CA228A4D1D000DF12B /* Debug */,
				F6FD35CB228A4D1D000DF12B /* Release */,
			);
			defaultConfigurationIsVisible = 0;
			defaultConfigurationName = Release;
		};
/* End XCConfigurationList section */
	};
	rootObject = F65368792272618000861E0D /* Project object */;
}
